
Microsoft Visual Studio Solution File, Format Version 12.00
# Visual Studio 15
VisualStudioVersion = 15.0.27703.2018
MinimumVisualStudioVersion = 10.0.40219.1
Project("{FAE04EC0-301F-11D3-BF4B-00C04F79EFBC}") = "WebAppLab", "WebAppLab\WebAppLab.csproj", "{9B654996-B477-42AC-AECF-E5F23B6F3BF9}"
EndProject
Global
	GlobalSection(SolutionConfigurationPlatforms) = preSolution
		Debug|Any CPU = Debug|Any CPU
		Release|Any CPU = Release|Any CPU
	EndGlobalSection
	GlobalSection(ProjectConfigurationPlatforms) = postSolution
		{9B654996-B477-42AC-AECF-E5F23B6F3BF9}.Debug|Any CPU.ActiveCfg = Debug|Any CPU
		{9B654996-B477-42AC-AECF-E5F23B6F3BF9}.Debug|Any CPU.Build.0 = Debug|Any CPU
		{9B654996-B477-42AC-AECF-E5F23B6F3BF9}.Release|Any CPU.ActiveCfg = Release|Any CPU
		{9B654996-B477-42AC-AECF-E5F23B6F3BF9}.Release|Any CPU.Build.0 = Release|Any CPU
	EndGlobalSection
	GlobalSection(SolutionProperties) = preSolution
		HideSolutionNode = FALSE
	EndGlobalSection
	GlobalSection(ExtensibilityGlobals) = postSolution
		SolutionGuid = {E31A2315-C839-45A1-8067-6F3E40047103}
	EndGlobalSection
EndGlobal
